// !$*UTF8*$!
{
	archiveVersion = 1;
	classes = {
	};
	objectVersion = 56;
	objects = {

/* Begin PBXBuildFile section */
		44410CD52A78E88000C27604 /* AppDelegate.swift in Sources */ = {isa = PBXBuildFile; fileRef = 44410CD42A78E88000C27604 /* AppDelegate.swift */; };
		44410CD72A78E88000C27604 /* SceneDelegate.swift in Sources */ = {isa = PBXBuildFile; fileRef = 44410CD62A78E88000C27604 /* SceneDelegate.swift */; };
		44410CD92A78E88000C27604 /* ResumeViewController.swift in Sources */ = {isa = PBXBuildFile; fileRef = 44410CD82A78E88000C27604 /* ResumeViewController.swift */; };
		44410CDE2A78E88300C27604 /* Assets.xcassets in Resources */ = {isa = PBXBuildFile; fileRef = 44410CDD2A78E88300C27604 /* Assets.xcassets */; };
		44410CE12A78E88300C27604 /* LaunchScreen.storyboard in Resources */ = {isa = PBXBuildFile; fileRef = 44410CDF2A78E88300C27604 /* LaunchScreen.storyboard */; };
		44410CE92A78F16000C27604 /* ResumeView.swift in Sources */ = {isa = PBXBuildFile; fileRef = 44410CE82A78F16000C27604 /* ResumeView.swift */; };
		44410CEC2A78F7AB00C27604 /* AppColorEnum.swift in Sources */ = {isa = PBXBuildFile; fileRef = 44410CEB2A78F7AB00C27604 /* AppColorEnum.swift */; };
		44410CEF2A78F87F00C27604 /* UIColor.swift in Sources */ = {isa = PBXBuildFile; fileRef = 44410CEE2A78F87F00C27604 /* UIColor.swift */; };
		44410CF12A790B5700C27604 /* SkillCell.swift in Sources */ = {isa = PBXBuildFile; fileRef = 44410CF02A790B5700C27604 /* SkillCell.swift */; };
		44410CF32A790C6100C27604 /* SkillModel.swift in Sources */ = {isa = PBXBuildFile; fileRef = 44410CF22A790C6100C27604 /* SkillModel.swift */; };
		44410CF62A790D2200C27604 /* SkillsService.swift in Sources */ = {isa = PBXBuildFile; fileRef = 44410CF52A790D2200C27604 /* SkillsService.swift */; };
		44410CF82A794DC300C27604 /* LeftAlignedCollectionViewFlowLayout.swift in Sources */ = {isa = PBXBuildFile; fileRef = 44410CF72A794DC300C27604 /* LeftAlignedCollectionViewFlowLayout.swift */; };
		44410CFA2A79502200C27604 /* DynamicHeightCollectionView.swift in Sources */ = {isa = PBXBuildFile; fileRef = 44410CF92A79502100C27604 /* DynamicHeightCollectionView.swift */; };
		44410CFC2A7970F000C27604 /* AddCell.swift in Sources */ = {isa = PBXBuildFile; fileRef = 44410CFB2A7970F000C27604 /* AddCell.swift */; };
		44410D022A79866C00C27604 /* ResumeViewControllerAssembly.swift in Sources */ = {isa = PBXBuildFile; fileRef = 44410D012A79866C00C27604 /* ResumeViewControllerAssembly.swift */; };
		44410D042A798C3200C27604 /* ResumeViewProtocol.swift in Sources */ = {isa = PBXBuildFile; fileRef = 44410D032A798C3200C27604 /* ResumeViewProtocol.swift */; };
		44410D062A798C5400C27604 /* ResumeViewControllerDelegate.swift in Sources */ = {isa = PBXBuildFile; fileRef = 44410D052A798C5400C27604 /* ResumeViewControllerDelegate.swift */; };
		44410D0A2A79930200C27604 /* SkillsServiceProtocol.swift in Sources */ = {isa = PBXBuildFile; fileRef = 44410D092A79930200C27604 /* SkillsServiceProtocol.swift */; };
		44410D122A79972900C27604 /* Localizable.strings in Resources */ = {isa = PBXBuildFile; fileRef = 44410D142A79972900C27604 /* Localizable.strings */; };
		44410D1B2A7997A700C27604 /* String.swift in Sources */ = {isa = PBXBuildFile; fileRef = 44410D1A2A7997A700C27604 /* String.swift */; };
/* End PBXBuildFile section */

/* Begin PBXFileReference section */
		44410CD12A78E88000C27604 /* PersonsResume.app */ = {isa = PBXFileReference; explicitFileType = wrapper.application; includeInIndex = 0; path = PersonsResume.app; sourceTree = BUILT_PRODUCTS_DIR; };
		44410CD42A78E88000C27604 /* AppDelegate.swift */ = {isa = PBXFileReference; lastKnownFileType = sourcecode.swift; path = AppDelegate.swift; sourceTree = "<group>"; };
		44410CD62A78E88000C27604 /* SceneDelegate.swift */ = {isa = PBXFileReference; lastKnownFileType = sourcecode.swift; path = SceneDelegate.swift; sourceTree = "<group>"; };
		44410CD82A78E88000C27604 /* ResumeViewController.swift */ = {isa = PBXFileReference; lastKnownFileType = sourcecode.swift; path = ResumeViewController.swift; sourceTree = "<group>"; };
		44410CDD2A78E88300C27604 /* Assets.xcassets */ = {isa = PBXFileReference; lastKnownFileType = folder.assetcatalog; path = Assets.xcassets; sourceTree = "<group>"; };
		44410CE02A78E88300C27604 /* Base */ = {isa = PBXFileReference; lastKnownFileType = file.storyboard; name = Base; path = Base.lproj/LaunchScreen.storyboard; sourceTree = "<group>"; };
		44410CE22A78E88300C27604 /* Info.plist */ = {isa = PBXFileReference; lastKnownFileType = text.plist.xml; path = Info.plist; sourceTree = "<group>"; };
		44410CE82A78F16000C27604 /* ResumeView.swift */ = {isa = PBXFileReference; lastKnownFileType = sourcecode.swift; path = ResumeView.swift; sourceTree = "<group>"; };
		44410CEB2A78F7AB00C27604 /* AppColorEnum.swift */ = {isa = PBXFileReference; lastKnownFileType = sourcecode.swift; path = AppColorEnum.swift; sourceTree = "<group>"; };
		44410CEE2A78F87F00C27604 /* UIColor.swift */ = {isa = PBXFileReference; lastKnownFileType = sourcecode.swift; path = UIColor.swift; sourceTree = "<group>"; };
		44410CF02A790B5700C27604 /* SkillCell.swift */ = {isa = PBXFileReference; lastKnownFileType = sourcecode.swift; path = SkillCell.swift; sourceTree = "<group>"; };
		44410CF22A790C6100C27604 /* SkillModel.swift */ = {isa = PBXFileReference; lastKnownFileType = sourcecode.swift; path = SkillModel.swift; sourceTree = "<group>"; };
		44410CF52A790D2200C27604 /* SkillsService.swift */ = {isa = PBXFileReference; lastKnownFileType = sourcecode.swift; path = SkillsService.swift; sourceTree = "<group>"; };
		44410CF72A794DC300C27604 /* LeftAlignedCollectionViewFlowLayout.swift */ = {isa = PBXFileReference; lastKnownFileType = sourcecode.swift; path = LeftAlignedCollectionViewFlowLayout.swift; sourceTree = "<group>"; };
		44410CF92A79502100C27604 /* DynamicHeightCollectionView.swift */ = {isa = PBXFileReference; lastKnownFileType = sourcecode.swift; path = DynamicHeightCollectionView.swift; sourceTree = "<group>"; };
		44410CFB2A7970F000C27604 /* AddCell.swift */ = {isa = PBXFileReference; lastKnownFileType = sourcecode.swift; path = AddCell.swift; sourceTree = "<group>"; };
		44410D012A79866C00C27604 /* ResumeViewControllerAssembly.swift */ = {isa = PBXFileReference; lastKnownFileType = sourcecode.swift; path = ResumeViewControllerAssembly.swift; sourceTree = "<group>"; };
		44410D032A798C3200C27604 /* ResumeViewProtocol.swift */ = {isa = PBXFileReference; lastKnownFileType = sourcecode.swift; path = ResumeViewProtocol.swift; sourceTree = "<group>"; };
		44410D052A798C5400C27604 /* ResumeViewControllerDelegate.swift */ = {isa = PBXFileReference; lastKnownFileType = sourcecode.swift; path = ResumeViewControllerDelegate.swift; sourceTree = "<group>"; };
		44410D092A79930200C27604 /* SkillsServiceProtocol.swift */ = {isa = PBXFileReference; lastKnownFileType = sourcecode.swift; path = SkillsServiceProtocol.swift; sourceTree = "<group>"; };
		44410D132A79972900C27604 /* en */ = {isa = PBXFileReference; lastKnownFileType = text.plist.strings; name = en; path = en.lproj/Localizable.strings; sourceTree = "<group>"; };
		44410D172A79973A00C27604 /* ru */ = {isa = PBXFileReference; lastKnownFileType = text.plist.strings; name = ru; path = ru.lproj/Localizable.strings; sourceTree = "<group>"; };
		44410D192A79974300C27604 /* en */ = {isa = PBXFileReference; lastKnownFileType = text.plist.strings; name = en; path = en.lproj/LaunchScreen.strings; sourceTree = "<group>"; };
		44410D1A2A7997A700C27604 /* String.swift */ = {isa = PBXFileReference; lastKnownFileType = sourcecode.swift; path = String.swift; sourceTree = "<group>"; };
/* End PBXFileReference section */

/* Begin PBXFrameworksBuildPhase section */
		44410CCE2A78E88000C27604 /* Frameworks */ = {
			isa = PBXFrameworksBuildPhase;
			buildActionMask = 2147483647;
			files = (
			);
			runOnlyForDeploymentPostprocessing = 0;
		};
/* End PBXFrameworksBuildPhase section */

/* Begin PBXGroup section */
		44410CC82A78E88000C27604 = {
			isa = PBXGroup;
			children = (
				44410CD32A78E88000C27604 /* PersonsResume */,
				44410CD22A78E88000C27604 /* Products */,
			);
			sourceTree = "<group>";
		};
		44410CD22A78E88000C27604 /* Products */ = {
			isa = PBXGroup;
			children = (
				44410CD12A78E88000C27604 /* PersonsResume.app */,
			);
			name = Products;
			sourceTree = "<group>";
		};
		44410CD32A78E88000C27604 /* PersonsResume */ = {
			isa = PBXGroup;
			children = (
				44410D1C2A79A44D00C27604 /* Localization */,
				44410D072A798E3200C27604 /* UIUtils */,
				44410CFD2A797D3800C27604 /* PresentationLayer */,
				44410CF42A790D0700C27604 /* ServiceLayer */,
				44410CED2A78F86400C27604 /* Extensions */,
				44410CEA2A78F76D00C27604 /* Entities */,
				44410CD42A78E88000C27604 /* AppDelegate.swift */,
				44410CD62A78E88000C27604 /* SceneDelegate.swift */,
				44410CDD2A78E88300C27604 /* Assets.xcassets */,
				44410CDF2A78E88300C27604 /* LaunchScreen.storyboard */,
				44410CE22A78E88300C27604 /* Info.plist */,
			);
			path = PersonsResume;
			sourceTree = "<group>";
		};
		44410CEA2A78F76D00C27604 /* Entities */ = {
			isa = PBXGroup;
			children = (
				44410CF22A790C6100C27604 /* SkillModel.swift */,
				44410CEB2A78F7AB00C27604 /* AppColorEnum.swift */,
			);
			path = Entities;
			sourceTree = "<group>";
		};
		44410CED2A78F86400C27604 /* Extensions */ = {
			isa = PBXGroup;
			children = (
				44410CEE2A78F87F00C27604 /* UIColor.swift */,
				44410D1A2A7997A700C27604 /* String.swift */,
			);
			path = Extensions;
			sourceTree = "<group>";
		};
		44410CF42A790D0700C27604 /* ServiceLayer */ = {
			isa = PBXGroup;
			children = (
				44410D082A7992F700C27604 /* Contracts */,
				44410CF52A790D2200C27604 /* SkillsService.swift */,
			);
			path = ServiceLayer;
			sourceTree = "<group>";
		};
		44410CFD2A797D3800C27604 /* PresentationLayer */ = {
			isa = PBXGroup;
			children = (
				44410CFF2A797E8A00C27604 /* ResumeFlow */,
			);
			path = PresentationLayer;
			sourceTree = "<group>";
		};
		44410CFE2A797DD400C27604 /* Views */ = {
			isa = PBXGroup;
			children = (
				44410CF02A790B5700C27604 /* SkillCell.swift */,
				44410CFB2A7970F000C27604 /* AddCell.swift */,
			);
			path = Views;
			sourceTree = "<group>";
		};
		44410CFF2A797E8A00C27604 /* ResumeFlow */ = {
			isa = PBXGroup;
			children = (
				44410D002A797EA900C27604 /* Contracts */,
				44410CFE2A797DD400C27604 /* Views */,
				44410CD82A78E88000C27604 /* ResumeViewController.swift */,
				44410CE82A78F16000C27604 /* ResumeView.swift */,
				44410D012A79866C00C27604 /* ResumeViewControllerAssembly.swift */,
			);
			path = ResumeFlow;
			sourceTree = "<group>";
		};
		44410D002A797EA900C27604 /* Contracts */ = {
			isa = PBXGroup;
			children = (
				44410D032A798C3200C27604 /* ResumeViewProtocol.swift */,
				44410D052A798C5400C27604 /* ResumeViewControllerDelegate.swift */,
			);
			path = Contracts;
			sourceTree = "<group>";
		};
		44410D072A798E3200C27604 /* UIUtils */ = {
			isa = PBXGroup;
			children = (
				44410CF72A794DC300C27604 /* LeftAlignedCollectionViewFlowLayout.swift */,
				44410CF92A79502100C27604 /* DynamicHeightCollectionView.swift */,
			);
			path = UIUtils;
			sourceTree = "<group>";
		};
		44410D082A7992F700C27604 /* Contracts */ = {
			isa = PBXGroup;
			children = (
				44410D092A79930200C27604 /* SkillsServiceProtocol.swift */,
			);
			path = Contracts;
			sourceTree = "<group>";
		};
		44410D1C2A79A44D00C27604 /* Localization */ = {
			isa = PBXGroup;
			children = (
				44410D142A79972900C27604 /* Localizable.strings */,
			);
			path = Localization;
			sourceTree = "<group>";
		};
/* End PBXGroup section */

/* Begin PBXNativeTarget section */
		44410CD02A78E88000C27604 /* PersonsResume */ = {
			isa = PBXNativeTarget;
			buildConfigurationList = 44410CE52A78E88300C27604 /* Build configuration list for PBXNativeTarget "PersonsResume" */;
			buildPhases = (
				44410CCD2A78E88000C27604 /* Sources */,
				44410CCE2A78E88000C27604 /* Frameworks */,
				44410CCF2A78E88000C27604 /* Resources */,
			);
			buildRules = (
			);
			dependencies = (
			);
			name = PersonsResume;
			productName = PersonsResume;
			productReference = 44410CD12A78E88000C27604 /* PersonsResume.app */;
			productType = "com.apple.product-type.application";
		};
/* End PBXNativeTarget section */

/* Begin PBXProject section */
		44410CC92A78E88000C27604 /* Project object */ = {
			isa = PBXProject;
			attributes = {
				BuildIndependentTargetsInParallel = 1;
				LastSwiftUpdateCheck = 1430;
				LastUpgradeCheck = 1430;
				TargetAttributes = {
					44410CD02A78E88000C27604 = {
						CreatedOnToolsVersion = 14.3.1;
					};
				};
			};
			buildConfigurationList = 44410CCC2A78E88000C27604 /* Build configuration list for PBXProject "PersonsResume" */;
			compatibilityVersion = "Xcode 14.0";
			developmentRegion = ru;
			hasScannedForEncodings = 0;
			knownRegions = (
				en,
				Base,
				ru,
			);
			mainGroup = 44410CC82A78E88000C27604;
			productRefGroup = 44410CD22A78E88000C27604 /* Products */;
			projectDirPath = "";
			projectRoot = "";
			targets = (
				44410CD02A78E88000C27604 /* PersonsResume */,
			);
		};
/* End PBXProject section */

/* Begin PBXResourcesBuildPhase section */
		44410CCF2A78E88000C27604 /* Resources */ = {
			isa = PBXResourcesBuildPhase;
			buildActionMask = 2147483647;
			files = (
				44410CE12A78E88300C27604 /* LaunchScreen.storyboard in Resources */,
				44410D122A79972900C27604 /* Localizable.strings in Resources */,
				44410CDE2A78E88300C27604 /* Assets.xcassets in Resources */,
			);
			runOnlyForDeploymentPostprocessing = 0;
		};
/* End PBXResourcesBuildPhase section */

/* Begin PBXSourcesBuildPhase section */
		44410CCD2A78E88000C27604 /* Sources */ = {
			isa = PBXSourcesBuildPhase;
			buildActionMask = 2147483647;
			files = (
				44410CD92A78E88000C27604 /* ResumeViewController.swift in Sources */,
				44410CEF2A78F87F00C27604 /* UIColor.swift in Sources */,
				44410CF12A790B5700C27604 /* SkillCell.swift in Sources */,
				44410CF32A790C6100C27604 /* SkillModel.swift in Sources */,
				44410CD52A78E88000C27604 /* AppDelegate.swift in Sources */,
				44410CD72A78E88000C27604 /* SceneDelegate.swift in Sources */,
				44410CEC2A78F7AB00C27604 /* AppColorEnum.swift in Sources */,
				44410D022A79866C00C27604 /* ResumeViewControllerAssembly.swift in Sources */,
				44410CE92A78F16000C27604 /* ResumeView.swift in Sources */,
				44410D042A798C3200C27604 /* ResumeViewProtocol.swift in Sources */,
				44410D062A798C5400C27604 /* ResumeViewControllerDelegate.swift in Sources */,
				44410D0A2A79930200C27604 /* SkillsServiceProtocol.swift in Sources */,
				44410CF82A794DC300C27604 /* LeftAlignedCollectionViewFlowLayout.swift in Sources */,
				44410CFC2A7970F000C27604 /* AddCell.swift in Sources */,
				44410D1B2A7997A700C27604 /* String.swift in Sources */,
				44410CFA2A79502200C27604 /* DynamicHeightCollectionView.swift in Sources */,
				44410CF62A790D2200C27604 /* SkillsService.swift in Sources */,
			);
			runOnlyForDeploymentPostprocessing = 0;
		};
/* End PBXSourcesBuildPhase section */

/* Begin PBXVariantGroup section */
		44410CDF2A78E88300C27604 /* LaunchScreen.storyboard */ = {
			isa = PBXVariantGroup;
			children = (
				44410CE02A78E88300C27604 /* Base */,
				44410D192A79974300C27604 /* en */,
			);
			name = LaunchScreen.storyboard;
			sourceTree = "<group>";
		};
		44410D142A79972900C27604 /* Localizable.strings */ = {
			isa = PBXVariantGroup;
			children = (
				44410D132A79972900C27604 /* en */,
				44410D172A79973A00C27604 /* ru */,
			);
			name = Localizable.strings;
			sourceTree = "<group>";
		};
/* End PBXVariantGroup section */

/* Begin XCBuildConfiguration section */
		44410CE32A78E88300C27604 /* Debug */ = {
			isa = XCBuildConfiguration;
			buildSettings = {
				ALWAYS_SEARCH_USER_PATHS = NO;
				CLANG_ANALYZER_LOCALIZABILITY_NONLOCALIZED = YES;
				CLANG_ANALYZER_NONNULL = YES;
				CLANG_ANALYZER_NUMBER_OBJECT_CONVERSION = YES_AGGRESSIVE;
				CLANG_CXX_LANGUAGE_STANDARD = "gnu++20";
				CLANG_ENABLE_MODULES = YES;
				CLANG_ENABLE_OBJC_ARC = YES;
				CLANG_ENABLE_OBJC_WEAK = YES;
				CLANG_WARN_BLOCK_CAPTURE_AUTORELEASING = YES;
				CLANG_WARN_BOOL_CONVERSION = YES;
				CLANG_WARN_COMMA = YES;
				CLANG_WARN_CONSTANT_CONVERSION = YES;
				CLANG_WARN_DEPRECATED_OBJC_IMPLEMENTATIONS = YES;
				CLANG_WARN_DIRECT_OBJC_ISA_USAGE = YES_ERROR;
				CLANG_WARN_DOCUMENTATION_COMMENTS = YES;
				CLANG_WARN_EMPTY_BODY = YES;
				CLANG_WARN_ENUM_CONVERSION = YES;
				CLANG_WARN_INFINITE_RECURSION = YES;
				CLANG_WARN_INT_CONVERSION = YES;
				CLANG_WARN_NON_LITERAL_NULL_CONVERSION = YES;
				CLANG_WARN_OBJC_IMPLICIT_RETAIN_SELF = YES;
				CLANG_WARN_OBJC_LITERAL_CONVERSION = YES;
				CLANG_WARN_OBJC_ROOT_CLASS = YES_ERROR;
				CLANG_WARN_QUOTED_INCLUDE_IN_FRAMEWORK_HEADER = YES;
				CLANG_WARN_RANGE_LOOP_ANALYSIS = YES;
				CLANG_WARN_STRICT_PROTOTYPES = YES;
				CLANG_WARN_SUSPICIOUS_MOVE = YES;
				CLANG_WARN_UNGUARDED_AVAILABILITY = YES_AGGRESSIVE;
				CLANG_WARN_UNREACHABLE_CODE = YES;
				CLANG_WARN__DUPLICATE_METHOD_MATCH = YES;
				COPY_PHASE_STRIP = NO;
				DEBUG_INFORMATION_FORMAT = dwarf;
				ENABLE_STRICT_OBJC_MSGSEND = YES;
				ENABLE_TESTABILITY = YES;
				GCC_C_LANGUAGE_STANDARD = gnu11;
				GCC_DYNAMIC_NO_PIC = NO;
				GCC_NO_COMMON_BLOCKS = YES;
				GCC_OPTIMIZATION_LEVEL = 0;
				GCC_PREPROCESSOR_DEFINITIONS = (
					"DEBUG=1",
					"$(inherited)",
				);
				GCC_WARN_64_TO_32_BIT_CONVERSION = YES;
				GCC_WARN_ABOUT_RETURN_TYPE = YES_ERROR;
				GCC_WARN_UNDECLARED_SELECTOR = YES;
				GCC_WARN_UNINITIALIZED_AUTOS = YES_AGGRESSIVE;
				GCC_WARN_UNUSED_FUNCTION = YES;
				GCC_WARN_UNUSED_VARIABLE = YES;
				IPHONEOS_DEPLOYMENT_TARGET = 16.4;
				MTL_ENABLE_DEBUG_INFO = INCLUDE_SOURCE;
				MTL_FAST_MATH = YES;
				ONLY_ACTIVE_ARCH = YES;
				SDKROOT = iphoneos;
				SWIFT_ACTIVE_COMPILATION_CONDITIONS = DEBUG;
				SWIFT_OPTIMIZATION_LEVEL = "-Onone";
			};
			name = Debug;
		};
		44410CE42A78E88300C27604 /* Release */ = {
			isa = XCBuildConfiguration;
			buildSettings = {
				ALWAYS_SEARCH_USER_PATHS = NO;
				CLANG_ANALYZER_LOCALIZABILITY_NONLOCALIZED = YES;
				CLANG_ANALYZER_NONNULL = YES;
				CLANG_ANALYZER_NUMBER_OBJECT_CONVERSION = YES_AGGRESSIVE;
				CLANG_CXX_LANGUAGE_STANDARD = "gnu++20";
				CLANG_ENABLE_MODULES = YES;
				CLANG_ENABLE_OBJC_ARC = YES;
				CLANG_ENABLE_OBJC_WEAK = YES;
				CLANG_WARN_BLOCK_CAPTURE_AUTORELEASING = YES;
				CLANG_WARN_BOOL_CONVERSION = YES;
				CLANG_WARN_COMMA = YES;
				CLANG_WARN_CONSTANT_CONVERSION = YES;
				CLANG_WARN_DEPRECATED_OBJC_IMPLEMENTATIONS = YES;
				CLANG_WARN_DIRECT_OBJC_ISA_USAGE = YES_ERROR;
				CLANG_WARN_DOCUMENTATION_COMMENTS = YES;
				CLANG_WARN_EMPTY_BODY = YES;
				CLANG_WARN_ENUM_CONVERSION = YES;
				CLANG_WARN_INFINITE_RECURSION = YES;
				CLANG_WARN_INT_CONVERSION = YES;
				CLANG_WARN_NON_LITERAL_NULL_CONVERSION = YES;
				CLANG_WARN_OBJC_IMPLICIT_RETAIN_SELF = YES;
				CLANG_WARN_OBJC_LITERAL_CONVERSION = YES;
				CLANG_WARN_OBJC_ROOT_CLASS = YES_ERROR;
				CLANG_WARN_QUOTED_INCLUDE_IN_FRAMEWORK_HEADER = YES;
				CLANG_WARN_RANGE_LOOP_ANALYSIS = YES;
				CLANG_WARN_STRICT_PROTOTYPES = YES;
				CLANG_WARN_SUSPICIOUS_MOVE = YES;
				CLANG_WARN_UNGUARDED_AVAILABILITY = YES_AGGRESSIVE;
				CLANG_WARN_UNREACHABLE_CODE = YES;
				CLANG_WARN__DUPLICATE_METHOD_MATCH = YES;
				COPY_PHASE_STRIP = NO;
				DEBUG_INFORMATION_FORMAT = "dwarf-with-dsym";
				ENABLE_NS_ASSERTIONS = NO;
				ENABLE_STRICT_OBJC_MSGSEND = YES;
				GCC_C_LANGUAGE_STANDARD = gnu11;
				GCC_NO_COMMON_BLOCKS = YES;
				GCC_WARN_64_TO_32_BIT_CONVERSION = YES;
				GCC_WARN_ABOUT_RETURN_TYPE = YES_ERROR;
				GCC_WARN_UNDECLARED_SELECTOR = YES;
				GCC_WARN_UNINITIALIZED_AUTOS = YES_AGGRESSIVE;
				GCC_WARN_UNUSED_FUNCTION = YES;
				GCC_WARN_UNUSED_VARIABLE = YES;
				IPHONEOS_DEPLOYMENT_TARGET = 16.4;
				MTL_ENABLE_DEBUG_INFO = NO;
				MTL_FAST_MATH = YES;
				SDKROOT = iphoneos;
				SWIFT_COMPILATION_MODE = wholemodule;
				SWIFT_OPTIMIZATION_LEVEL = "-O";
				VALIDATE_PRODUCT = YES;
			};
			name = Release;
		};
		44410CE62A78E88300C27604 /* Debug */ = {
			isa = XCBuildConfiguration;
			buildSettings = {
				ASSETCATALOG_COMPILER_APPICON_NAME = AppIcon;
				ASSETCATALOG_COMPILER_GLOBAL_ACCENT_COLOR_NAME = AccentColor;
				CODE_SIGN_STYLE = Automatic;
				CURRENT_PROJECT_VERSION = 1;
				DEVELOPMENT_TEAM = 8PTPJAPGUH;
				GENERATE_INFOPLIST_FILE = YES;
				INFOPLIST_FILE = PersonsResume/Info.plist;
				INFOPLIST_KEY_UIApplicationSupportsIndirectInputEvents = YES;
				INFOPLIST_KEY_UILaunchStoryboardName = LaunchScreen;
				INFOPLIST_KEY_UISupportedInterfaceOrientations_iPad = "UIInterfaceOrientationPortrait UIInterfaceOrientationPortraitUpsideDown UIInterfaceOrientationLandscapeLeft UIInterfaceOrientationLandscapeRight";
				INFOPLIST_KEY_UISupportedInterfaceOrientations_iPhone = "UIInterfaceOrientationPortrait UIInterfaceOrientationLandscapeLeft UIInterfaceOrientationLandscapeRight";
				LD_RUNPATH_SEARCH_PATHS = (
					"$(inherited)",
					"@executable_path/Frameworks",
				);
				MARKETING_VERSION = 1.0;
				PRODUCT_BUNDLE_IDENTIFIER = dolludaa.PersonsResume;
				PRODUCT_NAME = "$(TARGET_NAME)";
				SWIFT_EMIT_LOC_STRINGS = YES;
				SWIFT_VERSION = 5.0;
				TARGETED_DEVICE_FAMILY = "1,2";
			};
			name = Debug;
		};
		44410CE72A78E88300C27604 /* Release */ = {
			isa = XCBuildConfiguration;
			buildSettings = {
				ASSETCATALOG_COMPILER_APPICON_NAME = AppIcon;
				ASSETCATALOG_COMPILER_GLOBAL_ACCENT_COLOR_NAME = AccentColor;
				CODE_SIGN_STYLE = Automatic;
				CURRENT_PROJECT_VERSION = 1;
				DEVELOPMENT_TEAM = 8PTPJAPGUH;
				GENERATE_INFOPLIST_FILE = YES;
				INFOPLIST_FILE = PersonsResume/Info.plist;
				INFOPLIST_KEY_UIApplicationSupportsIndirectInputEvents = YES;
				INFOPLIST_KEY_UILaunchStoryboardName = LaunchScreen;
				INFOPLIST_KEY_UISupportedInterfaceOrientations_iPad = "UIInterfaceOrientationPortrait UIInterfaceOrientationPortraitUpsideDown UIInterfaceOrientationLandscapeLeft UIInterfaceOrientationLandscapeRight";
				INFOPLIST_KEY_UISupportedInterfaceOrientations_iPhone = "UIInterfaceOrientationPortrait UIInterfaceOrientationLandscapeLeft UIInterfaceOrientationLandscapeRight";
				LD_RUNPATH_SEARCH_PATHS = (
					"$(inherited)",
					"@executable_path/Frameworks",
				);
				MARKETING_VERSION = 1.0;
				PRODUCT_BUNDLE_IDENTIFIER = dolludaa.PersonsResume;
				PRODUCT_NAME = "$(TARGET_NAME)";
				SWIFT_EMIT_LOC_STRINGS = YES;
				SWIFT_VERSION = 5.0;
				TARGETED_DEVICE_FAMILY = "1,2";
			};
			name = Release;
		};
/* End XCBuildConfiguration section */

/* Begin XCConfigurationList section */
		44410CCC2A78E88000C27604 /* Build configuration list for PBXProject "PersonsResume" */ = {
			isa = XCConfigurationList;
			buildConfigurations = (
				44410CE32A78E88300C27604 /* Debug */,
				44410CE42A78E88300C27604 /* Release */,
			);
			defaultConfigurationIsVisible = 0;
			defaultConfigurationName = Release;
		};
		44410CE52A78E88300C27604 /* Build configuration list for PBXNativeTarget "PersonsResume" */ = {
			isa = XCConfigurationList;
			buildConfigurations = (
				44410CE62A78E88300C27604 /* Debug */,
				44410CE72A78E88300C27604 /* Release */,
			);
			defaultConfigurationIsVisible = 0;
			defaultConfigurationName = Release;
		};
/* End XCConfigurationList section */
	};
	rootObject = 44410CC92A78E88000C27604 /* Project object */;
}
